
Microsoft Visual Studio Solution File, Format Version 12.00
# Visual Studio Version 17
VisualStudioVersion = 17.14.36518.9 d17.14
MinimumVisualStudioVersion = 10.0.40219.1
Project("{FAE04EC0-301F-11D3-BF4B-00C04F79EFBC}") = "Practices", "Practices\Practices.csproj", "{B06FFC8B-8EC0-4D09-B1A4-191D1D58111E}"
EndProject
Global
	GlobalSection(SolutionConfigurationPlatforms) = preSolution
		Debug|Any CPU = Debug|Any CPU
		Release|Any CPU = Release|Any CPU
	EndGlobalSection
	GlobalSection(ProjectConfigurationPlatforms) = postSolution
		{B06FFC8B-8EC0-4D09-B1A4-191D1D58111E}.Debug|Any CPU.ActiveCfg = Debug|Any CPU
		{B06FFC8B-8EC0-4D09-B1A4-191D1D58111E}.Debug|Any CPU.Build.0 = Debug|Any CPU
		{B06FFC8B-8EC0-4D09-B1A4-191D1D58111E}.Release|Any CPU.ActiveCfg = Release|Any CPU
		{B06FFC8B-8EC0-4D09-B1A4-191D1D58111E}.Release|Any CPU.Build.0 = Release|Any CPU
	EndGlobalSection
	GlobalSection(SolutionProperties) = preSolution
		HideSolutionNode = FALSE
	EndGlobalSection
	GlobalSection(ExtensibilityGlobals) = postSolution
		SolutionGuid = {58446F4C-0F5E-4C41-AE27-E36DD66D2B67}
	EndGlobalSection
EndGlobal
