
Microsoft Visual Studio Solution File, Format Version 12.00
# Visual Studio Version 17
VisualStudioVersion = 17.14.36603.0 d17.14
MinimumVisualStudioVersion = 10.0.40219.1
Project("{FAE04EC0-301F-11D3-BF4B-00C04F79EFBC}") = "Practices", "Practices\Practices.csproj", "{8F700ED5-F0BB-4726-AC4F-9C5B7365833E}"
EndProject
Global
	GlobalSection(SolutionConfigurationPlatforms) = preSolution
		Debug|Any CPU = Debug|Any CPU
		Release|Any CPU = Release|Any CPU
	EndGlobalSection
	GlobalSection(ProjectConfigurationPlatforms) = postSolution
		{8F700ED5-F0BB-4726-AC4F-9C5B7365833E}.Debug|Any CPU.ActiveCfg = Debug|Any CPU
		{8F700ED5-F0BB-4726-AC4F-9C5B7365833E}.Debug|Any CPU.Build.0 = Debug|Any CPU
		{8F700ED5-F0BB-4726-AC4F-9C5B7365833E}.Release|Any CPU.ActiveCfg = Release|Any CPU
		{8F700ED5-F0BB-4726-AC4F-9C5B7365833E}.Release|Any CPU.Build.0 = Release|Any CPU
	EndGlobalSection
	GlobalSection(SolutionProperties) = preSolution
		HideSolutionNode = FALSE
	EndGlobalSection
	GlobalSection(ExtensibilityGlobals) = postSolution
		SolutionGuid = {2031E12E-89A6-4C52-A72C-F14BB6C7075F}
	EndGlobalSection
EndGlobal
