
Microsoft Visual Studio Solution File, Format Version 12.00
# Visual Studio Version 17
VisualStudioVersion = 17.14.36518.9 d17.14
MinimumVisualStudioVersion = 10.0.40219.1
Project("{FAE04EC0-301F-11D3-BF4B-00C04F79EFBC}") = "Practices", "Practices\Practices.csproj", "{9CCBFDF5-0F93-494D-B9A9-AA7CAA246184}"
EndProject
Global
	GlobalSection(SolutionConfigurationPlatforms) = preSolution
		Debug|Any CPU = Debug|Any CPU
		Release|Any CPU = Release|Any CPU
	EndGlobalSection
	GlobalSection(ProjectConfigurationPlatforms) = postSolution
		{9CCBFDF5-0F93-494D-B9A9-AA7CAA246184}.Debug|Any CPU.ActiveCfg = Debug|Any CPU
		{9CCBFDF5-0F93-494D-B9A9-AA7CAA246184}.Debug|Any CPU.Build.0 = Debug|Any CPU
		{9CCBFDF5-0F93-494D-B9A9-AA7CAA246184}.Release|Any CPU.ActiveCfg = Release|Any CPU
		{9CCBFDF5-0F93-494D-B9A9-AA7CAA246184}.Release|Any CPU.Build.0 = Release|Any CPU
	EndGlobalSection
	GlobalSection(SolutionProperties) = preSolution
		HideSolutionNode = FALSE
	EndGlobalSection
	GlobalSection(ExtensibilityGlobals) = postSolution
		SolutionGuid = {BE254520-5C88-4FCE-B338-8BCABA26FDEB}
	EndGlobalSection
EndGlobal
