
Microsoft Visual Studio Solution File, Format Version 12.00
# Visual Studio Version 17
VisualStudioVersion = 17.14.36518.9 d17.14
MinimumVisualStudioVersion = 10.0.40219.1
Project("{FAE04EC0-301F-11D3-BF4B-00C04F79EFBC}") = "Practices", "Practices\Practices.csproj", "{4F1694EE-AF49-4A0B-BE01-E7478818F428}"
EndProject
Global
	GlobalSection(SolutionConfigurationPlatforms) = preSolution
		Debug|Any CPU = Debug|Any CPU
		Release|Any CPU = Release|Any CPU
	EndGlobalSection
	GlobalSection(ProjectConfigurationPlatforms) = postSolution
		{4F1694EE-AF49-4A0B-BE01-E7478818F428}.Debug|Any CPU.ActiveCfg = Debug|Any CPU
		{4F1694EE-AF49-4A0B-BE01-E7478818F428}.Debug|Any CPU.Build.0 = Debug|Any CPU
		{4F1694EE-AF49-4A0B-BE01-E7478818F428}.Release|Any CPU.ActiveCfg = Release|Any CPU
		{4F1694EE-AF49-4A0B-BE01-E7478818F428}.Release|Any CPU.Build.0 = Release|Any CPU
	EndGlobalSection
	GlobalSection(SolutionProperties) = preSolution
		HideSolutionNode = FALSE
	EndGlobalSection
	GlobalSection(ExtensibilityGlobals) = postSolution
		SolutionGuid = {F788DA4A-3A42-499F-AE8F-5D9186E257E3}
	EndGlobalSection
EndGlobal
