
Microsoft Visual Studio Solution File, Format Version 12.00
# Visual Studio Version 17
VisualStudioVersion = 17.14.36616.10 d17.14
MinimumVisualStudioVersion = 10.0.40219.1
Project("{FAE04EC0-301F-11D3-BF4B-00C04F79EFBC}") = "Practice", "Practice\Practice.csproj", "{7A1ABBC0-6765-41B1-83C9-D13CF16CDFA5}"
EndProject
Global
	GlobalSection(SolutionConfigurationPlatforms) = preSolution
		Debug|Any CPU = Debug|Any CPU
		Release|Any CPU = Release|Any CPU
	EndGlobalSection
	GlobalSection(ProjectConfigurationPlatforms) = postSolution
		{7A1ABBC0-6765-41B1-83C9-D13CF16CDFA5}.Debug|Any CPU.ActiveCfg = Debug|Any CPU
		{7A1ABBC0-6765-41B1-83C9-D13CF16CDFA5}.Debug|Any CPU.Build.0 = Debug|Any CPU
		{7A1ABBC0-6765-41B1-83C9-D13CF16CDFA5}.Release|Any CPU.ActiveCfg = Release|Any CPU
		{7A1ABBC0-6765-41B1-83C9-D13CF16CDFA5}.Release|Any CPU.Build.0 = Release|Any CPU
	EndGlobalSection
	GlobalSection(SolutionProperties) = preSolution
		HideSolutionNode = FALSE
	EndGlobalSection
	GlobalSection(ExtensibilityGlobals) = postSolution
		SolutionGuid = {97512DFE-9528-4AF3-A6EE-229D37624F4A}
	EndGlobalSection
EndGlobal
